
Microsoft Visual Studio Solution File, Format Version 12.00
# Visual Studio 2013
VisualStudioVersion = 12.0.40629.0
MinimumVisualStudioVersion = 10.0.40219.1
Project("{FAE04EC0-301F-11D3-BF4B-00C04F79EFBC}") = "SportsStore.Domain", "SportsStore.Domain\SportsStore.Domain.csproj", "{CF3724B0-CC08-4741-9B03-8894E6499667}"
EndProject
Project("{FAE04EC0-301F-11D3-BF4B-00C04F79EFBC}") = "SportsStore.WebUI", "SportsStore.WebUI\SportsStore.WebUI.csproj", "{7895490C-5129-4165-B8C6-C67C6900239F}"
EndProject
Project("{FAE04EC0-301F-11D3-BF4B-00C04F79EFBC}") = "SportsStore.UnitTests", "SportsStore.UnitTests\SportsStore.UnitTests.csproj", "{0AF746D0-2DA8-4A88-A0BF-74193BC28DF2}"
EndProject
Global
	GlobalSection(SolutionConfigurationPlatforms) = preSolution
		Debug|Any CPU = Debug|Any CPU
		Release|Any CPU = Release|Any CPU
	EndGlobalSection
	GlobalSection(ProjectConfigurationPlatforms) = postSolution
		{CF3724B0-CC08-4741-9B03-8894E6499667}.Debug|Any CPU.ActiveCfg = Debug|Any CPU
		{CF3724B0-CC08-4741-9B03-8894E6499667}.Debug|Any CPU.Build.0 = Debug|Any CPU
		{CF3724B0-CC08-4741-9B03-8894E6499667}.Release|Any CPU.ActiveCfg = Release|Any CPU
		{CF3724B0-CC08-4741-9B03-8894E6499667}.Release|Any CPU.Build.0 = Release|Any CPU
		{7895490C-5129-4165-B8C6-C67C6900239F}.Debug|Any CPU.ActiveCfg = Debug|Any CPU
		{7895490C-5129-4165-B8C6-C67C6900239F}.Debug|Any CPU.Build.0 = Debug|Any CPU
		{7895490C-5129-4165-B8C6-C67C6900239F}.Release|Any CPU.ActiveCfg = Release|Any CPU
		{7895490C-5129-4165-B8C6-C67C6900239F}.Release|Any CPU.Build.0 = Release|Any CPU
		{0AF746D0-2DA8-4A88-A0BF-74193BC28DF2}.Debug|Any CPU.ActiveCfg = Debug|Any CPU
		{0AF746D0-2DA8-4A88-A0BF-74193BC28DF2}.Debug|Any CPU.Build.0 = Debug|Any CPU
		{0AF746D0-2DA8-4A88-A0BF-74193BC28DF2}.Release|Any CPU.ActiveCfg = Release|Any CPU
		{0AF746D0-2DA8-4A88-A0BF-74193BC28DF2}.Release|Any CPU.Build.0 = Release|Any CPU
	EndGlobalSection
	GlobalSection(SolutionProperties) = preSolution
		HideSolutionNode = FALSE
	EndGlobalSection
EndGlobal
